// !$*UTF8*$!
{
	archiveVersion = 1;
	classes = {
	};
	objectVersion = 77;
	objects = {

/* Begin PBXBuildFile section */
		05B52F7B806F0EBD57595022 /* BonjourBrowser.swift in Sources */ = {isa = PBXBuildFile; fileRef = BCD9481534955738BA318219 /* BonjourBrowser.swift */; };
		1DEDAE811E5EAB55781D8A20 /* WatchRelayService.swift in Sources */ = {isa = PBXBuildFile; fileRef = 5FE686E6FCCCB0ACC578BF2F /* WatchRelayService.swift */; };
		44E741C89356034F5F73EFD2 /* UDPRelay.swift in Sources */ = {isa = PBXBuildFile; fileRef = 49CEEC2CECE625512BAB9DAC /* UDPRelay.swift */; };
		492EC103EC4171038A7E32EB /* MainView.swift in Sources */ = {isa = PBXBuildFile; fileRef = 7F182FAA73EEB21748B0B108 /* MainView.swift */; };
		92C37E18E82F49812D2F3483 /* PairingService.swift in Sources */ = {isa = PBXBuildFile; fileRef = 419B2ED1E7E658F20C61B751 /* PairingService.swift */; };
		DDBC9559EBE028A5F9C7512E /* AppDelegate.swift in Sources */ = {isa = PBXBuildFile; fileRef = 976941637B102859FF8C472B /* AppDelegate.swift */; };
		F7A71A1C8DA5341CCDBD2F40 /* TrackBallCompanionApp.swift in Sources */ = {isa = PBXBuildFile; fileRef = 605B7061298965A6BC3853F1 /* TrackBallCompanionApp.swift */; };
/* End PBXBuildFile section */

/* Begin PBXFileReference section */
		34D54A928BBB7DDB983CCEEA /* Info.plist */ = {isa = PBXFileReference; lastKnownFileType = text.plist; path = Info.plist; sourceTree = "<group>"; };
		419B2ED1E7E658F20C61B751 /* PairingService.swift */ = {isa = PBXFileReference; lastKnownFileType = sourcecode.swift; path = PairingService.swift; sourceTree = "<group>"; };
		49CEEC2CECE625512BAB9DAC /* UDPRelay.swift */ = {isa = PBXFileReference; lastKnownFileType = sourcecode.swift; path = UDPRelay.swift; sourceTree = "<group>"; };
		5FE686E6FCCCB0ACC578BF2F /* WatchRelayService.swift */ = {isa = PBXFileReference; lastKnownFileType = sourcecode.swift; path = WatchRelayService.swift; sourceTree = "<group>"; };
		605B7061298965A6BC3853F1 /* TrackBallCompanionApp.swift */ = {isa = PBXFileReference; lastKnownFileType = sourcecode.swift; path = TrackBallCompanionApp.swift; sourceTree = "<group>"; };
		7BB356BD06474ECB5FDF9920 /* TrackBallCompanion.app */ = {isa = PBXFileReference; includeInIndex = 0; lastKnownFileType = wrapper.application; path = TrackBallCompanion.app; sourceTree = BUILT_PRODUCTS_DIR; };
		7F182FAA73EEB21748B0B108 /* MainView.swift */ = {isa = PBXFileReference; lastKnownFileType = sourcecode.swift; path = MainView.swift; sourceTree = "<group>"; };
		976941637B102859FF8C472B /* AppDelegate.swift */ = {isa = PBXFileReference; lastKnownFileType = sourcecode.swift; path = AppDelegate.swift; sourceTree = "<group>"; };
		BCD9481534955738BA318219 /* BonjourBrowser.swift */ = {isa = PBXFileReference; lastKnownFileType = sourcecode.swift; path = BonjourBrowser.swift; sourceTree = "<group>"; };
/* End PBXFileReference section */

/* Begin PBXGroup section */
		1D5865DBD5AB494E89CC8A43 /* Products */ = {
			isa = PBXGroup;
			children = (
				7BB356BD06474ECB5FDF9920 /* TrackBallCompanion.app */,
			);
			name = Products;
			sourceTree = "<group>";
		};
		A053051C82B95234D94047C5 /* TrackBallCompanion */ = {
			isa = PBXGroup;
			children = (
				976941637B102859FF8C472B /* AppDelegate.swift */,
				BCD9481534955738BA318219 /* BonjourBrowser.swift */,
				34D54A928BBB7DDB983CCEEA /* Info.plist */,
				7F182FAA73EEB21748B0B108 /* MainView.swift */,
				419B2ED1E7E658F20C61B751 /* PairingService.swift */,
				605B7061298965A6BC3853F1 /* TrackBallCompanionApp.swift */,
				49CEEC2CECE625512BAB9DAC /* UDPRelay.swift */,
				5FE686E6FCCCB0ACC578BF2F /* WatchRelayService.swift */,
			);
			path = TrackBallCompanion;
			sourceTree = "<group>";
		};
		CFD48B7B6A5146812FAD80EF = {
			isa = PBXGroup;
			children = (
				A053051C82B95234D94047C5 /* TrackBallCompanion */,
				1D5865DBD5AB494E89CC8A43 /* Products */,
			);
			sourceTree = "<group>";
		};
/* End PBXGroup section */

/* Begin PBXNativeTarget section */
		19020279BE834FB29C91999B /* TrackBallCompanion */ = {
			isa = PBXNativeTarget;
			buildConfigurationList = F2EE0C18B383F9EA35391897 /* Build configuration list for PBXNativeTarget "TrackBallCompanion" */;
			buildPhases = (
				2BD0C42F73FBD0EF6868AEB9 /* Sources */,
			);
			buildRules = (
			);
			dependencies = (
			);
			name = TrackBallCompanion;
			packageProductDependencies = (
			);
			productName = TrackBallCompanion;
			productReference = 7BB356BD06474ECB5FDF9920 /* TrackBallCompanion.app */;
			productType = "com.apple.product-type.application";
		};
/* End PBXNativeTarget section */

/* Begin PBXProject section */
		4CCCE7AF5515CA2988A14049 /* Project object */ = {
			isa = PBXProject;
			attributes = {
				BuildIndependentTargetsInParallel = YES;
				LastUpgradeCheck = 1600;
				TargetAttributes = {
					19020279BE834FB29C91999B = {
						DevelopmentTeam = "";
						ProvisioningStyle = Automatic;
					};
				};
			};
			buildConfigurationList = 5E068A4D0ECAA5DBFE0151C3 /* Build configuration list for PBXProject "TrackBallCompanion" */;
			developmentRegion = en;
			hasScannedForEncodings = 0;
			knownRegions = (
				Base,
				en,
			);
			mainGroup = CFD48B7B6A5146812FAD80EF;
			minimizedProjectReferenceProxies = 1;
			preferredProjectObjectVersion = 77;
			productRefGroup = 1D5865DBD5AB494E89CC8A43 /* Products */;
			projectDirPath = "";
			projectRoot = "";
			targets = (
				19020279BE834FB29C91999B /* TrackBallCompanion */,
			);
		};
/* End PBXProject section */

/* Begin PBXSourcesBuildPhase section */
		2BD0C42F73FBD0EF6868AEB9 /* Sources */ = {
			isa = PBXSourcesBuildPhase;
			buildActionMask = 2147483647;
			files = (
				DDBC9559EBE028A5F9C7512E /* AppDelegate.swift in Sources */,
				05B52F7B806F0EBD57595022 /* BonjourBrowser.swift in Sources */,
				492EC103EC4171038A7E32EB /* MainView.swift in Sources */,
				92C37E18E82F49812D2F3483 /* PairingService.swift in Sources */,
				F7A71A1C8DA5341CCDBD2F40 /* TrackBallCompanionApp.swift in Sources */,
				44E741C89356034F5F73EFD2 /* UDPRelay.swift in Sources */,
				1DEDAE811E5EAB55781D8A20 /* WatchRelayService.swift in Sources */,
			);
			runOnlyForDeploymentPostprocessing = 0;
		};
/* End PBXSourcesBuildPhase section */

/* Begin XCBuildConfiguration section */
		0522672F09D43CF71D2146F9 /* Release */ = {
			isa = XCBuildConfiguration;
			buildSettings = {
				ASSETCATALOG_COMPILER_APPICON_NAME = AppIcon;
				CODE_SIGN_IDENTITY = "iPhone Developer";
				INFOPLIST_FILE = TrackBallCompanion/Info.plist;
				IPHONEOS_DEPLOYMENT_TARGET = 16.0;
				LD_RUNPATH_SEARCH_PATHS = (
					"$(inherited)",
					"@executable_path/Frameworks",
				);
				PRODUCT_BUNDLE_IDENTIFIER = "com.trackball-watch.app";
				SDKROOT = iphoneos;
				TARGETED_DEVICE_FAMILY = 1;
			};
			name = Release;
		};
		198739C9D2DAFF06E92523C1 /* Debug */ = {
			isa = XCBuildConfiguration;
			buildSettings = {
				ALWAYS_SEARCH_USER_PATHS = NO;
				CLANG_ANALYZER_NONNULL = YES;
				CLANG_ANALYZER_NUMBER_OBJECT_CONVERSION = YES_AGGRESSIVE;
				CLANG_CXX_LANGUAGE_STANDARD = "gnu++14";
				CLANG_CXX_LIBRARY = "libc++";
				CLANG_ENABLE_MODULES = YES;
				CLANG_ENABLE_OBJC_ARC = YES;
				CLANG_ENABLE_OBJC_WEAK = YES;
				CLANG_WARN_BLOCK_CAPTURE_AUTORELEASING = YES;
				CLANG_WARN_BOOL_CONVERSION = YES;
				CLANG_WARN_COMMA = YES;
				CLANG_WARN_CONSTANT_CONVERSION = YES;
				CLANG_WARN_DEPRECATED_OBJC_IMPLEMENTATIONS = YES;
				CLANG_WARN_DIRECT_OBJC_ISA_USAGE = YES_ERROR;
				CLANG_WARN_DOCUMENTATION_COMMENTS = YES;
				CLANG_WARN_EMPTY_BODY = YES;
				CLANG_WARN_ENUM_CONVERSION = YES;
				CLANG_WARN_INFINITE_RECURSION = YES;
				CLANG_WARN_INT_CONVERSION = YES;
				CLANG_WARN_NON_LITERAL_NULL_CONVERSION = YES;
				CLANG_WARN_OBJC_IMPLICIT_RETAIN_SELF = YES;
				CLANG_WARN_OBJC_LITERAL_CONVERSION = YES;
				CLANG_WARN_OBJC_ROOT_CLASS = YES_ERROR;
				CLANG_WARN_QUOTED_INCLUDE_IN_FRAMEWORK_HEADER = YES;
				CLANG_WARN_RANGE_LOOP_ANALYSIS = YES;
				CLANG_WARN_STRICT_PROTOTYPES = YES;
				CLANG_WARN_SUSPICIOUS_MOVE = YES;
				CLANG_WARN_UNGUARDED_AVAILABILITY = YES_AGGRESSIVE;
				CLANG_WARN_UNREACHABLE_CODE = YES;
				CLANG_WARN__DUPLICATE_METHOD_MATCH = YES;
				CODE_SIGN_STYLE = Automatic;
				COPY_PHASE_STRIP = NO;
				DEBUG_INFORMATION_FORMAT = dwarf;
				DEVELOPMENT_TEAM = "";
				ENABLE_STRICT_OBJC_MSGSEND = YES;
				ENABLE_TESTABILITY = YES;
				GCC_C_LANGUAGE_STANDARD = gnu11;
				GCC_DYNAMIC_NO_PIC = NO;
				GCC_NO_COMMON_BLOCKS = YES;
				GCC_OPTIMIZATION_LEVEL = 0;
				GCC_PREPROCESSOR_DEFINITIONS = (
					"$(inherited)",
					"DEBUG=1",
				);
				GCC_WARN_64_TO_32_BIT_CONVERSION = YES;
				GCC_WARN_ABOUT_RETURN_TYPE = YES_ERROR;
				GCC_WARN_UNDECLARED_SELECTOR = YES;
				GCC_WARN_UNINITIALIZED_AUTOS = YES_AGGRESSIVE;
				GCC_WARN_UNUSED_FUNCTION = YES;
				GCC_WARN_UNUSED_VARIABLE = YES;
				IPHONEOS_DEPLOYMENT_TARGET = 16.0;
				MTL_ENABLE_DEBUG_INFO = INCLUDE_SOURCE;
				MTL_FAST_MATH = YES;
				ONLY_ACTIVE_ARCH = YES;
				PRODUCT_NAME = "$(TARGET_NAME)";
				SDKROOT = iphoneos;
				SWIFT_ACTIVE_COMPILATION_CONDITIONS = DEBUG;
				SWIFT_OPTIMIZATION_LEVEL = "-Onone";
				SWIFT_VERSION = 5.9;
			};
			name = Debug;
		};
		373C4F79D8CD977C2426B4DA /* Release */ = {
			isa = XCBuildConfiguration;
			buildSettings = {
				ALWAYS_SEARCH_USER_PATHS = NO;
				CLANG_ANALYZER_NONNULL = YES;
				CLANG_ANALYZER_NUMBER_OBJECT_CONVERSION = YES_AGGRESSIVE;
				CLANG_CXX_LANGUAGE_STANDARD = "gnu++14";
				CLANG_CXX_LIBRARY = "libc++";
				CLANG_ENABLE_MODULES = YES;
				CLANG_ENABLE_OBJC_ARC = YES;
				CLANG_ENABLE_OBJC_WEAK = YES;
				CLANG_WARN_BLOCK_CAPTURE_AUTORELEASING = YES;
				CLANG_WARN_BOOL_CONVERSION = YES;
				CLANG_WARN_COMMA = YES;
				CLANG_WARN_CONSTANT_CONVERSION = YES;
				CLANG_WARN_DEPRECATED_OBJC_IMPLEMENTATIONS = YES;
				CLANG_WARN_DIRECT_OBJC_ISA_USAGE = YES_ERROR;
				CLANG_WARN_DOCUMENTATION_COMMENTS = YES;
				CLANG_WARN_EMPTY_BODY = YES;
				CLANG_WARN_ENUM_CONVERSION = YES;
				CLANG_WARN_INFINITE_RECURSION = YES;
				CLANG_WARN_INT_CONVERSION = YES;
				CLANG_WARN_NON_LITERAL_NULL_CONVERSION = YES;
				CLANG_WARN_OBJC_IMPLICIT_RETAIN_SELF = YES;
				CLANG_WARN_OBJC_LITERAL_CONVERSION = YES;
				CLANG_WARN_OBJC_ROOT_CLASS = YES_ERROR;
				CLANG_WARN_QUOTED_INCLUDE_IN_FRAMEWORK_HEADER = YES;
				CLANG_WARN_RANGE_LOOP_ANALYSIS = YES;
				CLANG_WARN_STRICT_PROTOTYPES = YES;
				CLANG_WARN_SUSPICIOUS_MOVE = YES;
				CLANG_WARN_UNGUARDED_AVAILABILITY = YES_AGGRESSIVE;
				CLANG_WARN_UNREACHABLE_CODE = YES;
				CLANG_WARN__DUPLICATE_METHOD_MATCH = YES;
				CODE_SIGN_STYLE = Automatic;
				COPY_PHASE_STRIP = NO;
				DEBUG_INFORMATION_FORMAT = "dwarf-with-dsym";
				DEVELOPMENT_TEAM = "";
				ENABLE_NS_ASSERTIONS = NO;
				ENABLE_STRICT_OBJC_MSGSEND = YES;
				GCC_C_LANGUAGE_STANDARD = gnu11;
				GCC_NO_COMMON_BLOCKS = YES;
				GCC_WARN_64_TO_32_BIT_CONVERSION = YES;
				GCC_WARN_ABOUT_RETURN_TYPE = YES_ERROR;
				GCC_WARN_UNDECLARED_SELECTOR = YES;
				GCC_WARN_UNINITIALIZED_AUTOS = YES_AGGRESSIVE;
				GCC_WARN_UNUSED_FUNCTION = YES;
				GCC_WARN_UNUSED_VARIABLE = YES;
				IPHONEOS_DEPLOYMENT_TARGET = 16.0;
				MTL_ENABLE_DEBUG_INFO = NO;
				MTL_FAST_MATH = YES;
				PRODUCT_NAME = "$(TARGET_NAME)";
				SDKROOT = iphoneos;
				SWIFT_COMPILATION_MODE = wholemodule;
				SWIFT_OPTIMIZATION_LEVEL = "-O";
				SWIFT_VERSION = 5.9;
			};
			name = Release;
		};
		A022E72D404CD8039D6F9E6D /* Debug */ = {
			isa = XCBuildConfiguration;
			buildSettings = {
				ASSETCATALOG_COMPILER_APPICON_NAME = AppIcon;
				CODE_SIGN_IDENTITY = "iPhone Developer";
				INFOPLIST_FILE = TrackBallCompanion/Info.plist;
				IPHONEOS_DEPLOYMENT_TARGET = 16.0;
				LD_RUNPATH_SEARCH_PATHS = (
					"$(inherited)",
					"@executable_path/Frameworks",
				);
				PRODUCT_BUNDLE_IDENTIFIER = "com.trackball-watch.app";
				SDKROOT = iphoneos;
				TARGETED_DEVICE_FAMILY = 1;
			};
			name = Debug;
		};
/* End XCBuildConfiguration section */

/* Begin XCConfigurationList section */
		5E068A4D0ECAA5DBFE0151C3 /* Build configuration list for PBXProject "TrackBallCompanion" */ = {
			isa = XCConfigurationList;
			buildConfigurations = (
				198739C9D2DAFF06E92523C1 /* Debug */,
				373C4F79D8CD977C2426B4DA /* Release */,
			);
			defaultConfigurationIsVisible = 0;
			defaultConfigurationName = Debug;
		};
		F2EE0C18B383F9EA35391897 /* Build configuration list for PBXNativeTarget "TrackBallCompanion" */ = {
			isa = XCConfigurationList;
			buildConfigurations = (
				A022E72D404CD8039D6F9E6D /* Debug */,
				0522672F09D43CF71D2146F9 /* Release */,
			);
			defaultConfigurationIsVisible = 0;
			defaultConfigurationName = Debug;
		};
/* End XCConfigurationList section */
	};
	rootObject = 4CCCE7AF5515CA2988A14049 /* Project object */;
}
